
Microsoft Visual Studio Solution File, Format Version 12.00
# Visual Studio Version 17
VisualStudioVersion = 17.14.36414.22 d17.14
MinimumVisualStudioVersion = 10.0.40219.1
Project("{2150E333-8FDC-42A3-9474-1A3956D46DE8}") = "src", "src", "{02EA681E-C7D8-13C7-8484-4AC65E1B71E8}"
EndProject
Project("{2150E333-8FDC-42A3-9474-1A3956D46DE8}") = "v01", "v01", "{5884023D-5BE5-4861-957F-7A0A6A4865E4}"
EndProject
Project("{FAE04EC0-301F-11D3-BF4B-00C04F79EFBC}") = "Console.UI", "v01\Console.UI\Console.UI.csproj", "{AA154D35-41E6-437B-8489-793A5F416907}"
EndProject
Global
	GlobalSection(SolutionConfigurationPlatforms) = preSolution
		Debug|Any CPU = Debug|Any CPU
		Release|Any CPU = Release|Any CPU
	EndGlobalSection
	GlobalSection(ProjectConfigurationPlatforms) = postSolution
		{AA154D35-41E6-437B-8489-793A5F416907}.Debug|Any CPU.ActiveCfg = Debug|Any CPU
		{AA154D35-41E6-437B-8489-793A5F416907}.Debug|Any CPU.Build.0 = Debug|Any CPU
		{AA154D35-41E6-437B-8489-793A5F416907}.Release|Any CPU.ActiveCfg = Release|Any CPU
		{AA154D35-41E6-437B-8489-793A5F416907}.Release|Any CPU.Build.0 = Release|Any CPU
	EndGlobalSection
	GlobalSection(SolutionProperties) = preSolution
		HideSolutionNode = FALSE
	EndGlobalSection
	GlobalSection(NestedProjects) = preSolution
		{AA154D35-41E6-437B-8489-793A5F416907} = {5884023D-5BE5-4861-957F-7A0A6A4865E4}
	EndGlobalSection
	GlobalSection(ExtensibilityGlobals) = postSolution
		SolutionGuid = {54D1A7DD-C8D4-42E3-8C9F-A6CCCF84B8D6}
	EndGlobalSection
EndGlobal
